// !$*UTF8*$!
{
	archiveVersion = 1;
	classes = {
	};
	objectVersion = 50;
	objects = {

/* Begin PBXBuildFile section */
		1A3820F721FFB8D100FC0C57 /* AppDelegate.swift in Sources */ = {isa = PBXBuildFile; fileRef = 1A3820F621FFB8D100FC0C57 /* AppDelegate.swift */; };
		1A3820FC21FFB8D100FC0C57 /* Main.storyboard in Resources */ = {isa = PBXBuildFile; fileRef = 1A3820FA21FFB8D100FC0C57 /* Main.storyboard */; };
		1A3820FE21FFB8D500FC0C57 /* Assets.xcassets in Resources */ = {isa = PBXBuildFile; fileRef = 1A3820FD21FFB8D500FC0C57 /* Assets.xcassets */; };
		1A38210121FFB8D500FC0C57 /* LaunchScreen.storyboard in Resources */ = {isa = PBXBuildFile; fileRef = 1A3820FF21FFB8D500FC0C57 /* LaunchScreen.storyboard */; };
		1A38210C21FFB8D500FC0C57 /* FlixTests.swift in Sources */ = {isa = PBXBuildFile; fileRef = 1A38210B21FFB8D500FC0C57 /* FlixTests.swift */; };
		1A38211721FFB8D500FC0C57 /* FlixUITests.swift in Sources */ = {isa = PBXBuildFile; fileRef = 1A38211621FFB8D500FC0C57 /* FlixUITests.swift */; };
		1A38212521FFBBAA00FC0C57 /* MoviesViewController.swift in Sources */ = {isa = PBXBuildFile; fileRef = 1A38212421FFBBAA00FC0C57 /* MoviesViewController.swift */; };
		1A52776E2200FD5C00FEB6BA /* MovieCell.swift in Sources */ = {isa = PBXBuildFile; fileRef = 1A52776D2200FD5C00FEB6BA /* MovieCell.swift */; };
		6A8F8CA049546CFD03C35F92 /* Pods_FlixUITests.framework in Frameworks */ = {isa = PBXBuildFile; fileRef = 5A9A48EE9F0AA00542D994D5 /* Pods_FlixUITests.framework */; };
		AA7C48F25227B4ABF0C201E2 /* Pods_FlixTests.framework in Frameworks */ = {isa = PBXBuildFile; fileRef = EFA10D450EE21CFBAB5D31FF /* Pods_FlixTests.framework */; };
		F4C8AAD9612AAE73619BA801 /* Pods_Flix.framework in Frameworks */ = {isa = PBXBuildFile; fileRef = 3296AC00F2CD59493590FCBF /* Pods_Flix.framework */; };
/* End PBXBuildFile section */

/* Begin PBXContainerItemProxy section */
		1A38210821FFB8D500FC0C57 /* PBXContainerItemProxy */ = {
			isa = PBXContainerItemProxy;
			containerPortal = 1A3820EB21FFB8D000FC0C57 /* Project object */;
			proxyType = 1;
			remoteGlobalIDString = 1A3820F221FFB8D100FC0C57;
			remoteInfo = Flix;
		};
		1A38211321FFB8D500FC0C57 /* PBXContainerItemProxy */ = {
			isa = PBXContainerItemProxy;
			containerPortal = 1A3820EB21FFB8D000FC0C57 /* Project object */;
			proxyType = 1;
			remoteGlobalIDString = 1A3820F221FFB8D100FC0C57;
			remoteInfo = Flix;
		};
/* End PBXContainerItemProxy section */

/* Begin PBXFileReference section */
		1A3820F321FFB8D100FC0C57 /* Flix.app */ = {isa = PBXFileReference; explicitFileType = wrapper.application; includeInIndex = 0; path = Flix.app; sourceTree = BUILT_PRODUCTS_DIR; };
		1A3820F621FFB8D100FC0C57 /* AppDelegate.swift */ = {isa = PBXFileReference; lastKnownFileType = sourcecode.swift; path = AppDelegate.swift; sourceTree = "<group>"; };
		1A3820FB21FFB8D100FC0C57 /* Base */ = {isa = PBXFileReference; lastKnownFileType = file.storyboard; name = Base; path = Base.lproj/Main.storyboard; sourceTree = "<group>"; };
		1A3820FD21FFB8D500FC0C57 /* Assets.xcassets */ = {isa = PBXFileReference; lastKnownFileType = folder.assetcatalog; path = Assets.xcassets; sourceTree = "<group>"; };
		1A38210021FFB8D500FC0C57 /* Base */ = {isa = PBXFileReference; lastKnownFileType = file.storyboard; name = Base; path = Base.lproj/LaunchScreen.storyboard; sourceTree = "<group>"; };
		1A38210221FFB8D500FC0C57 /* Info.plist */ = {isa = PBXFileReference; lastKnownFileType = text.plist.xml; path = Info.plist; sourceTree = "<group>"; };
		1A38210721FFB8D500FC0C57 /* FlixTests.xctest */ = {isa = PBXFileReference; explicitFileType = wrapper.cfbundle; includeInIndex = 0; path = FlixTests.xctest; sourceTree = BUILT_PRODUCTS_DIR; };
		1A38210B21FFB8D500FC0C57 /* FlixTests.swift */ = {isa = PBXFileReference; lastKnownFileType = sourcecode.swift; path = FlixTests.swift; sourceTree = "<group>"; };
		1A38210D21FFB8D500FC0C57 /* Info.plist */ = {isa = PBXFileReference; lastKnownFileType = text.plist.xml; path = Info.plist; sourceTree = "<group>"; };
		1A38211221FFB8D500FC0C57 /* FlixUITests.xctest */ = {isa = PBXFileReference; explicitFileType = wrapper.cfbundle; includeInIndex = 0; path = FlixUITests.xctest; sourceTree = BUILT_PRODUCTS_DIR; };
		1A38211621FFB8D500FC0C57 /* FlixUITests.swift */ = {isa = PBXFileReference; lastKnownFileType = sourcecode.swift; path = FlixUITests.swift; sourceTree = "<group>"; };
		1A38211821FFB8D500FC0C57 /* Info.plist */ = {isa = PBXFileReference; lastKnownFileType = text.plist.xml; path = Info.plist; sourceTree = "<group>"; };
		1A38212421FFBBAA00FC0C57 /* MoviesViewController.swift */ = {isa = PBXFileReference; lastKnownFileType = sourcecode.swift; path = MoviesViewController.swift; sourceTree = "<group>"; };
		1A52776D2200FD5C00FEB6BA /* MovieCell.swift */ = {isa = PBXFileReference; lastKnownFileType = sourcecode.swift; path = MovieCell.swift; sourceTree = "<group>"; };
		3296AC00F2CD59493590FCBF /* Pods_Flix.framework */ = {isa = PBXFileReference; explicitFileType = wrapper.framework; includeInIndex = 0; path = Pods_Flix.framework; sourceTree = BUILT_PRODUCTS_DIR; };
		568D0795C5BEE3E8DCF2614F /* Pods-Flix.release.xcconfig */ = {isa = PBXFileReference; includeInIndex = 1; lastKnownFileType = text.xcconfig; name = "Pods-Flix.release.xcconfig"; path = "Pods/Target Support Files/Pods-Flix/Pods-Flix.release.xcconfig"; sourceTree = "<group>"; };
		5A9A48EE9F0AA00542D994D5 /* Pods_FlixUITests.framework */ = {isa = PBXFileReference; explicitFileType = wrapper.framework; includeInIndex = 0; path = Pods_FlixUITests.framework; sourceTree = BUILT_PRODUCTS_DIR; };
		60D2233450AD8766BD84BB08 /* Pods-FlixTests.debug.xcconfig */ = {isa = PBXFileReference; includeInIndex = 1; lastKnownFileType = text.xcconfig; name = "Pods-FlixTests.debug.xcconfig"; path = "Pods/Target Support Files/Pods-FlixTests/Pods-FlixTests.debug.xcconfig"; sourceTree = "<group>"; };
		916C91C336982A1125D1D706 /* Pods-FlixUITests.debug.xcconfig */ = {isa = PBXFileReference; includeInIndex = 1; lastKnownFileType = text.xcconfig; name = "Pods-FlixUITests.debug.xcconfig"; path = "Pods/Target Support Files/Pods-FlixUITests/Pods-FlixUITests.debug.xcconfig"; sourceTree = "<group>"; };
		9B589883AA8C306C3BEE2636 /* Pods-FlixUITests.release.xcconfig */ = {isa = PBXFileReference; includeInIndex = 1; lastKnownFileType = text.xcconfig; name = "Pods-FlixUITests.release.xcconfig"; path = "Pods/Target Support Files/Pods-FlixUITests/Pods-FlixUITests.release.xcconfig"; sourceTree = "<group>"; };
		A3B557DD4B28047D3FD40BED /* Pods-FlixTests.release.xcconfig */ = {isa = PBXFileReference; includeInIndex = 1; lastKnownFileType = text.xcconfig; name = "Pods-FlixTests.release.xcconfig"; path = "Pods/Target Support Files/Pods-FlixTests/Pods-FlixTests.release.xcconfig"; sourceTree = "<group>"; };
		C075AD71A554B7E9FFDE879E /* Pods-Flix.debug.xcconfig */ = {isa = PBXFileReference; includeInIndex = 1; lastKnownFileType = text.xcconfig; name = "Pods-Flix.debug.xcconfig"; path = "Pods/Target Support Files/Pods-Flix/Pods-Flix.debug.xcconfig"; sourceTree = "<group>"; };
		EFA10D450EE21CFBAB5D31FF /* Pods_FlixTests.framework */ = {isa = PBXFileReference; explicitFileType = wrapper.framework; includeInIndex = 0; path = Pods_FlixTests.framework; sourceTree = BUILT_PRODUCTS_DIR; };
/* End PBXFileReference section */

/* Begin PBXFrameworksBuildPhase section */
		1A3820F021FFB8D100FC0C57 /* Frameworks */ = {
			isa = PBXFrameworksBuildPhase;
			buildActionMask = 2147483647;
			files = (
				F4C8AAD9612AAE73619BA801 /* Pods_Flix.framework in Frameworks */,
			);
			runOnlyForDeploymentPostprocessing = 0;
		};
		1A38210421FFB8D500FC0C57 /* Frameworks */ = {
			isa = PBXFrameworksBuildPhase;
			buildActionMask = 2147483647;
			files = (
				AA7C48F25227B4ABF0C201E2 /* Pods_FlixTests.framework in Frameworks */,
			);
			runOnlyForDeploymentPostprocessing = 0;
		};
		1A38210F21FFB8D500FC0C57 /* Frameworks */ = {
			isa = PBXFrameworksBuildPhase;
			buildActionMask = 2147483647;
			files = (
				6A8F8CA049546CFD03C35F92 /* Pods_FlixUITests.framework in Frameworks */,
			);
			runOnlyForDeploymentPostprocessing = 0;
		};
/* End PBXFrameworksBuildPhase section */

/* Begin PBXGroup section */
		1A3820EA21FFB8D000FC0C57 = {
			isa = PBXGroup;
			children = (
				1A3820F521FFB8D100FC0C57 /* Flix */,
				1A38210A21FFB8D500FC0C57 /* FlixTests */,
				1A38211521FFB8D500FC0C57 /* FlixUITests */,
				1A3820F421FFB8D100FC0C57 /* Products */,
				BE990C586B7D5AA3BB1B4731 /* Pods */,
				578AD8F197EDA0D7B3F78C66 /* Frameworks */,
			);
			sourceTree = "<group>";
		};
		1A3820F421FFB8D100FC0C57 /* Products */ = {
			isa = PBXGroup;
			children = (
				1A3820F321FFB8D100FC0C57 /* Flix.app */,
				1A38210721FFB8D500FC0C57 /* FlixTests.xctest */,
				1A38211221FFB8D500FC0C57 /* FlixUITests.xctest */,
			);
			name = Products;
			sourceTree = "<group>";
		};
		1A3820F521FFB8D100FC0C57 /* Flix */ = {
			isa = PBXGroup;
			children = (
				1A3820F621FFB8D100FC0C57 /* AppDelegate.swift */,
				1A3820FA21FFB8D100FC0C57 /* Main.storyboard */,
				1A52776D2200FD5C00FEB6BA /* MovieCell.swift */,
				1A3820FD21FFB8D500FC0C57 /* Assets.xcassets */,
				1A3820FF21FFB8D500FC0C57 /* LaunchScreen.storyboard */,
				1A38210221FFB8D500FC0C57 /* Info.plist */,
				1A38212421FFBBAA00FC0C57 /* MoviesViewController.swift */,
			);
			path = Flix;
			sourceTree = "<group>";
		};
		1A38210A21FFB8D500FC0C57 /* FlixTests */ = {
			isa = PBXGroup;
			children = (
				1A38210B21FFB8D500FC0C57 /* FlixTests.swift */,
				1A38210D21FFB8D500FC0C57 /* Info.plist */,
			);
			path = FlixTests;
			sourceTree = "<group>";
		};
		1A38211521FFB8D500FC0C57 /* FlixUITests */ = {
			isa = PBXGroup;
			children = (
				1A38211621FFB8D500FC0C57 /* FlixUITests.swift */,
				1A38211821FFB8D500FC0C57 /* Info.plist */,
			);
			path = FlixUITests;
			sourceTree = "<group>";
		};
		578AD8F197EDA0D7B3F78C66 /* Frameworks */ = {
			isa = PBXGroup;
			children = (
				3296AC00F2CD59493590FCBF /* Pods_Flix.framework */,
				EFA10D450EE21CFBAB5D31FF /* Pods_FlixTests.framework */,
				5A9A48EE9F0AA00542D994D5 /* Pods_FlixUITests.framework */,
			);
			name = Frameworks;
			sourceTree = "<group>";
		};
		BE990C586B7D5AA3BB1B4731 /* Pods */ = {
			isa = PBXGroup;
			children = (
				C075AD71A554B7E9FFDE879E /* Pods-Flix.debug.xcconfig */,
				568D0795C5BEE3E8DCF2614F /* Pods-Flix.release.xcconfig */,
				60D2233450AD8766BD84BB08 /* Pods-FlixTests.debug.xcconfig */,
				A3B557DD4B28047D3FD40BED /* Pods-FlixTests.release.xcconfig */,
				916C91C336982A1125D1D706 /* Pods-FlixUITests.debug.xcconfig */,
				9B589883AA8C306C3BEE2636 /* Pods-FlixUITests.release.xcconfig */,
			);
			name = Pods;
			sourceTree = "<group>";
		};
/* End PBXGroup section */

/* Begin PBXNativeTarget section */
		1A3820F221FFB8D100FC0C57 /* Flix */ = {
			isa = PBXNativeTarget;
			buildConfigurationList = 1A38211B21FFB8D500FC0C57 /* Build configuration list for PBXNativeTarget "Flix" */;
			buildPhases = (
				809A18AD95C2257B488F8ADE /* [CP] Check Pods Manifest.lock */,
				1A3820EF21FFB8D100FC0C57 /* Sources */,
				1A3820F021FFB8D100FC0C57 /* Frameworks */,
				1A3820F121FFB8D100FC0C57 /* Resources */,
				83F0A69E77F9305E9493A5F0 /* [CP] Embed Pods Frameworks */,
			);
			buildRules = (
			);
			dependencies = (
			);
			name = Flix;
			productName = Flix;
			productReference = 1A3820F321FFB8D100FC0C57 /* Flix.app */;
			productType = "com.apple.product-type.application";
		};
		1A38210621FFB8D500FC0C57 /* FlixTests */ = {
			isa = PBXNativeTarget;
			buildConfigurationList = 1A38211E21FFB8D500FC0C57 /* Build configuration list for PBXNativeTarget "FlixTests" */;
			buildPhases = (
				896E647CDBA7A2651CD43851 /* [CP] Check Pods Manifest.lock */,
				1A38210321FFB8D500FC0C57 /* Sources */,
				1A38210421FFB8D500FC0C57 /* Frameworks */,
				1A38210521FFB8D500FC0C57 /* Resources */,
			);
			buildRules = (
			);
			dependencies = (
				1A38210921FFB8D500FC0C57 /* PBXTargetDependency */,
			);
			name = FlixTests;
			productName = FlixTests;
			productReference = 1A38210721FFB8D500FC0C57 /* FlixTests.xctest */;
			productType = "com.apple.product-type.bundle.unit-test";
		};
		1A38211121FFB8D500FC0C57 /* FlixUITests */ = {
			isa = PBXNativeTarget;
			buildConfigurationList = 1A38212121FFB8D500FC0C57 /* Build configuration list for PBXNativeTarget "FlixUITests" */;
			buildPhases = (
				0985C0E2C34C0843FF23245E /* [CP] Check Pods Manifest.lock */,
				1A38210E21FFB8D500FC0C57 /* Sources */,
				1A38210F21FFB8D500FC0C57 /* Frameworks */,
				1A38211021FFB8D500FC0C57 /* Resources */,
			);
			buildRules = (
			);
			dependencies = (
				1A38211421FFB8D500FC0C57 /* PBXTargetDependency */,
			);
			name = FlixUITests;
			productName = FlixUITests;
			productReference = 1A38211221FFB8D500FC0C57 /* FlixUITests.xctest */;
			productType = "com.apple.product-type.bundle.ui-testing";
		};
/* End PBXNativeTarget section */

/* Begin PBXProject section */
		1A3820EB21FFB8D000FC0C57 /* Project object */ = {
			isa = PBXProject;
			attributes = {
				LastSwiftUpdateCheck = 1010;
				LastUpgradeCheck = 1010;
				ORGANIZATIONNAME = "chino abatol";
				TargetAttributes = {
					1A3820F221FFB8D100FC0C57 = {
						CreatedOnToolsVersion = 10.1;
					};
					1A38210621FFB8D500FC0C57 = {
						CreatedOnToolsVersion = 10.1;
						TestTargetID = 1A3820F221FFB8D100FC0C57;
					};
					1A38211121FFB8D500FC0C57 = {
						CreatedOnToolsVersion = 10.1;
						TestTargetID = 1A3820F221FFB8D100FC0C57;
					};
				};
			};
			buildConfigurationList = 1A3820EE21FFB8D000FC0C57 /* Build configuration list for PBXProject "Flix" */;
			compatibilityVersion = "Xcode 9.3";
			developmentRegion = en;
			hasScannedForEncodings = 0;
			knownRegions = (
				en,
				Base,
			);
			mainGroup = 1A3820EA21FFB8D000FC0C57;
			productRefGroup = 1A3820F421FFB8D100FC0C57 /* Products */;
			projectDirPath = "";
			projectRoot = "";
			targets = (
				1A3820F221FFB8D100FC0C57 /* Flix */,
				1A38210621FFB8D500FC0C57 /* FlixTests */,
				1A38211121FFB8D500FC0C57 /* FlixUITests */,
			);
		};
/* End PBXProject section */

/* Begin PBXResourcesBuildPhase section */
		1A3820F121FFB8D100FC0C57 /* Resources */ = {
			isa = PBXResourcesBuildPhase;
			buildActionMask = 2147483647;
			files = (
				1A38210121FFB8D500FC0C57 /* LaunchScreen.storyboard in Resources */,
				1A3820FE21FFB8D500FC0C57 /* Assets.xcassets in Resources */,
				1A3820FC21FFB8D100FC0C57 /* Main.storyboard in Resources */,
			);
			runOnlyForDeploymentPostprocessing = 0;
		};
		1A38210521FFB8D500FC0C57 /* Resources */ = {
			isa = PBXResourcesBuildPhase;
			buildActionMask = 2147483647;
			files = (
			);
			runOnlyForDeploymentPostprocessing = 0;
		};
		1A38211021FFB8D500FC0C57 /* Resources */ = {
			isa = PBXResourcesBuildPhase;
			buildActionMask = 2147483647;
			files = (
			);
			runOnlyForDeploymentPostprocessing = 0;
		};
/* End PBXResourcesBuildPhase section */

/* Begin PBXShellScriptBuildPhase section */
		0985C0E2C34C0843FF23245E /* [CP] Check Pods Manifest.lock */ = {
			isa = PBXShellScriptBuildPhase;
			buildActionMask = 2147483647;
			files = (
			);
			inputFileListPaths = (
			);
			inputPaths = (
				"${PODS_PODFILE_DIR_PATH}/Podfile.lock",
				"${PODS_ROOT}/Manifest.lock",
			);
			name = "[CP] Check Pods Manifest.lock";
			outputFileListPaths = (
			);
			outputPaths = (
				"$(DERIVED_FILE_DIR)/Pods-FlixUITests-checkManifestLockResult.txt",
			);
			runOnlyForDeploymentPostprocessing = 0;
			shellPath = /bin/sh;
			shellScript = "diff \"${PODS_PODFILE_DIR_PATH}/Podfile.lock\" \"${PODS_ROOT}/Manifest.lock\" > /dev/null\nif [ $? != 0 ] ; then\n    # print error to STDERR\n    echo \"error: The sandbox is not in sync with the Podfile.lock. Run 'pod install' or update your CocoaPods installation.\" >&2\n    exit 1\nfi\n# This output is used by Xcode 'outputs' to avoid re-running this script phase.\necho \"SUCCESS\" > \"${SCRIPT_OUTPUT_FILE_0}\"\n";
			showEnvVarsInLog = 0;
		};
		809A18AD95C2257B488F8ADE /* [CP] Check Pods Manifest.lock */ = {
			isa = PBXShellScriptBuildPhase;
			buildActionMask = 2147483647;
			files = (
			);
			inputFileListPaths = (
			);
			inputPaths = (
				"${PODS_PODFILE_DIR_PATH}/Podfile.lock",
				"${PODS_ROOT}/Manifest.lock",
			);
			name = "[CP] Check Pods Manifest.lock";
			outputFileListPaths = (
			);
			outputPaths = (
				"$(DERIVED_FILE_DIR)/Pods-Flix-checkManifestLockResult.txt",
			);
			runOnlyForDeploymentPostprocessing = 0;
			shellPath = /bin/sh;
			shellScript = "diff \"${PODS_PODFILE_DIR_PATH}/Podfile.lock\" \"${PODS_ROOT}/Manifest.lock\" > /dev/null\nif [ $? != 0 ] ; then\n    # print error to STDERR\n    echo \"error: The sandbox is not in sync with the Podfile.lock. Run 'pod install' or update your CocoaPods installation.\" >&2\n    exit 1\nfi\n# This output is used by Xcode 'outputs' to avoid re-running this script phase.\necho \"SUCCESS\" > \"${SCRIPT_OUTPUT_FILE_0}\"\n";
			showEnvVarsInLog = 0;
		};
		83F0A69E77F9305E9493A5F0 /* [CP] Embed Pods Frameworks */ = {
			isa = PBXShellScriptBuildPhase;
			buildActionMask = 2147483647;
			files = (
			);
			inputFileListPaths = (
			);
			inputPaths = (
				"${SRCROOT}/Pods/Target Support Files/Pods-Flix/Pods-Flix-frameworks.sh",
				"${BUILT_PRODUCTS_DIR}/Alamofire/Alamofire.framework",
				"${BUILT_PRODUCTS_DIR}/AlamofireImage/AlamofireImage.framework",
			);
			name = "[CP] Embed Pods Frameworks";
			outputFileListPaths = (
			);
			outputPaths = (
				"${TARGET_BUILD_DIR}/${FRAMEWORKS_FOLDER_PATH}/Alamofire.framework",
				"${TARGET_BUILD_DIR}/${FRAMEWORKS_FOLDER_PATH}/AlamofireImage.framework",
			);
			runOnlyForDeploymentPostprocessing = 0;
			shellPath = /bin/sh;
			shellScript = "\"${SRCROOT}/Pods/Target Support Files/Pods-Flix/Pods-Flix-frameworks.sh\"\n";
			showEnvVarsInLog = 0;
		};
		896E647CDBA7A2651CD43851 /* [CP] Check Pods Manifest.lock */ = {
			isa = PBXShellScriptBuildPhase;
			buildActionMask = 2147483647;
			files = (
			);
			inputFileListPaths = (
			);
			inputPaths = (
				"${PODS_PODFILE_DIR_PATH}/Podfile.lock",
				"${PODS_ROOT}/Manifest.lock",
			);
			name = "[CP] Check Pods Manifest.lock";
			outputFileListPaths = (
			);
			outputPaths = (
				"$(DERIVED_FILE_DIR)/Pods-FlixTests-checkManifestLockResult.txt",
			);
			runOnlyForDeploymentPostprocessing = 0;
			shellPath = /bin/sh;
			shellScript = "diff \"${PODS_PODFILE_DIR_PATH}/Podfile.lock\" \"${PODS_ROOT}/Manifest.lock\" > /dev/null\nif [ $? != 0 ] ; then\n    # print error to STDERR\n    echo \"error: The sandbox is not in sync with the Podfile.lock. Run 'pod install' or update your CocoaPods installation.\" >&2\n    exit 1\nfi\n# This output is used by Xcode 'outputs' to avoid re-running this script phase.\necho \"SUCCESS\" > \"${SCRIPT_OUTPUT_FILE_0}\"\n";
			showEnvVarsInLog = 0;
		};
/* End PBXShellScriptBuildPhase section */

/* Begin PBXSourcesBuildPhase section */
		1A3820EF21FFB8D100FC0C57 /* Sources */ = {
			isa = PBXSourcesBuildPhase;
			buildActionMask = 2147483647;
			files = (
				1A3820F721FFB8D100FC0C57 /* AppDelegate.swift in Sources */,
				1A38212521FFBBAA00FC0C57 /* MoviesViewController.swift in Sources */,
				1A52776E2200FD5C00FEB6BA /* MovieCell.swift in Sources */,
			);
			runOnlyForDeploymentPostprocessing = 0;
		};
		1A38210321FFB8D500FC0C57 /* Sources */ = {
			isa = PBXSourcesBuildPhase;
			buildActionMask = 2147483647;
			files = (
				1A38210C21FFB8D500FC0C57 /* FlixTests.swift in Sources */,
			);
			runOnlyForDeploymentPostprocessing = 0;
		};
		1A38210E21FFB8D500FC0C57 /* Sources */ = {
			isa = PBXSourcesBuildPhase;
			buildActionMask = 2147483647;
			files = (
				1A38211721FFB8D500FC0C57 /* FlixUITests.swift in Sources */,
			);
			runOnlyForDeploymentPostprocessing = 0;
		};
/* End PBXSourcesBuildPhase section */

/* Begin PBXTargetDependency section */
		1A38210921FFB8D500FC0C57 /* PBXTargetDependency */ = {
			isa = PBXTargetDependency;
			target = 1A3820F221FFB8D100FC0C57 /* Flix */;
			targetProxy = 1A38210821FFB8D500FC0C57 /* PBXContainerItemProxy */;
		};
		1A38211421FFB8D500FC0C57 /* PBXTargetDependency */ = {
			isa = PBXTargetDependency;
			target = 1A3820F221FFB8D100FC0C57 /* Flix */;
			targetProxy = 1A38211321FFB8D500FC0C57 /* PBXContainerItemProxy */;
		};
/* End PBXTargetDependency section */

/* Begin PBXVariantGroup section */
		1A3820FA21FFB8D100FC0C57 /* Main.storyboard */ = {
			isa = PBXVariantGroup;
			children = (
				1A3820FB21FFB8D100FC0C57 /* Base */,
			);
			name = Main.storyboard;
			sourceTree = "<group>";
		};
		1A3820FF21FFB8D500FC0C57 /* LaunchScreen.storyboard */ = {
			isa = PBXVariantGroup;
			children = (
				1A38210021FFB8D500FC0C57 /* Base */,
			);
			name = LaunchScreen.storyboard;
			sourceTree = "<group>";
		};
/* End PBXVariantGroup section */

/* Begin XCBuildConfiguration section */
		1A38211921FFB8D500FC0C57 /* Debug */ = {
			isa = XCBuildConfiguration;
			buildSettings = {
				ALWAYS_SEARCH_USER_PATHS = NO;
				CLANG_ANALYZER_NONNULL = YES;
				CLANG_ANALYZER_NUMBER_OBJECT_CONVERSION = YES_AGGRESSIVE;
				CLANG_CXX_LANGUAGE_STANDARD = "gnu++14";
				CLANG_CXX_LIBRARY = "libc++";
				CLANG_ENABLE_MODULES = YES;
				CLANG_ENABLE_OBJC_ARC = YES;
				CLANG_ENABLE_OBJC_WEAK = YES;
				CLANG_WARN_BLOCK_CAPTURE_AUTORELEASING = YES;
				CLANG_WARN_BOOL_CONVERSION = YES;
				CLANG_WARN_COMMA = YES;
				CLANG_WARN_CONSTANT_CONVERSION = YES;
				CLANG_WARN_DEPRECATED_OBJC_IMPLEMENTATIONS = YES;
				CLANG_WARN_DIRECT_OBJC_ISA_USAGE = YES_ERROR;
				CLANG_WARN_DOCUMENTATION_COMMENTS = YES;
				CLANG_WARN_EMPTY_BODY = YES;
				CLANG_WARN_ENUM_CONVERSION = YES;
				CLANG_WARN_INFINITE_RECURSION = YES;
				CLANG_WARN_INT_CONVERSION = YES;
				CLANG_WARN_NON_LITERAL_NULL_CONVERSION = YES;
				CLANG_WARN_OBJC_IMPLICIT_RETAIN_SELF = YES;
				CLANG_WARN_OBJC_LITERAL_CONVERSION = YES;
				CLANG_WARN_OBJC_ROOT_CLASS = YES_ERROR;
				CLANG_WARN_RANGE_LOOP_ANALYSIS = YES;
				CLANG_WARN_STRICT_PROTOTYPES = YES;
				CLANG_WARN_SUSPICIOUS_MOVE = YES;
				CLANG_WARN_UNGUARDED_AVAILABILITY = YES_AGGRESSIVE;
				CLANG_WARN_UNREACHABLE_CODE = YES;
				CLANG_WARN__DUPLICATE_METHOD_MATCH = YES;
				CODE_SIGN_IDENTITY = "iPhone Developer";
				COPY_PHASE_STRIP = NO;
				DEBUG_INFORMATION_FORMAT = dwarf;
				ENABLE_STRICT_OBJC_MSGSEND = YES;
				ENABLE_TESTABILITY = YES;
				GCC_C_LANGUAGE_STANDARD = gnu11;
				GCC_DYNAMIC_NO_PIC = NO;
				GCC_NO_COMMON_BLOCKS = YES;
				GCC_OPTIMIZATION_LEVEL = 0;
				GCC_PREPROCESSOR_DEFINITIONS = (
					"DEBUG=1",
					"$(inherited)",
				);
				GCC_WARN_64_TO_32_BIT_CONVERSION = YES;
				GCC_WARN_ABOUT_RETURN_TYPE = YES_ERROR;
				GCC_WARN_UNDECLARED_SELECTOR = YES;
				GCC_WARN_UNINITIALIZED_AUTOS = YES_AGGRESSIVE;
				GCC_WARN_UNUSED_FUNCTION = YES;
				GCC_WARN_UNUSED_VARIABLE = YES;
				IPHONEOS_DEPLOYMENT_TARGET = 12.1;
				MTL_ENABLE_DEBUG_INFO = INCLUDE_SOURCE;
				MTL_FAST_MATH = YES;
				ONLY_ACTIVE_ARCH = YES;
				SDKROOT = iphoneos;
				SWIFT_ACTIVE_COMPILATION_CONDITIONS = DEBUG;
				SWIFT_OPTIMIZATION_LEVEL = "-Onone";
			};
			name = Debug;
		};
		1A38211A21FFB8D500FC0C57 /* Release */ = {
			isa = XCBuildConfiguration;
			buildSettings = {
				ALWAYS_SEARCH_USER_PATHS = NO;
				CLANG_ANALYZER_NONNULL = YES;
				CLANG_ANALYZER_NUMBER_OBJECT_CONVERSION = YES_AGGRESSIVE;
				CLANG_CXX_LANGUAGE_STANDARD = "gnu++14";
				CLANG_CXX_LIBRARY = "libc++";
				CLANG_ENABLE_MODULES = YES;
				CLANG_ENABLE_OBJC_ARC = YES;
				CLANG_ENABLE_OBJC_WEAK = YES;
				CLANG_WARN_BLOCK_CAPTURE_AUTORELEASING = YES;
				CLANG_WARN_BOOL_CONVERSION = YES;
				CLANG_WARN_COMMA = YES;
				CLANG_WARN_CONSTANT_CONVERSION = YES;
				CLANG_WARN_DEPRECATED_OBJC_IMPLEMENTATIONS = YES;
				CLANG_WARN_DIRECT_OBJC_ISA_USAGE = YES_ERROR;
				CLANG_WARN_DOCUMENTATION_COMMENTS = YES;
				CLANG_WARN_EMPTY_BODY = YES;
				CLANG_WARN_ENUM_CONVERSION = YES;
				CLANG_WARN_INFINITE_RECURSION = YES;
				CLANG_WARN_INT_CONVERSION = YES;
				CLANG_WARN_NON_LITERAL_NULL_CONVERSION = YES;
				CLANG_WARN_OBJC_IMPLICIT_RETAIN_SELF = YES;
				CLANG_WARN_OBJC_LITERAL_CONVERSION = YES;
				CLANG_WARN_OBJC_ROOT_CLASS = YES_ERROR;
				CLANG_WARN_RANGE_LOOP_ANALYSIS = YES;
				CLANG_WARN_STRICT_PROTOTYPES = YES;
				CLANG_WARN_SUSPICIOUS_MOVE = YES;
				CLANG_WARN_UNGUARDED_AVAILABILITY = YES_AGGRESSIVE;
				CLANG_WARN_UNREACHABLE_CODE = YES;
				CLANG_WARN__DUPLICATE_METHOD_MATCH = YES;
				CODE_SIGN_IDENTITY = "iPhone Developer";
				COPY_PHASE_STRIP = NO;
				DEBUG_INFORMATION_FORMAT = "dwarf-with-dsym";
				ENABLE_NS_ASSERTIONS = NO;
				ENABLE_STRICT_OBJC_MSGSEND = YES;
				GCC_C_LANGUAGE_STANDARD = gnu11;
				GCC_NO_COMMON_BLOCKS = YES;
				GCC_WARN_64_TO_32_BIT_CONVERSION = YES;
				GCC_WARN_ABOUT_RETURN_TYPE = YES_ERROR;
				GCC_WARN_UNDECLARED_SELECTOR = YES;
				GCC_WARN_UNINITIALIZED_AUTOS = YES_AGGRESSIVE;
				GCC_WARN_UNUSED_FUNCTION = YES;
				GCC_WARN_UNUSED_VARIABLE = YES;
				IPHONEOS_DEPLOYMENT_TARGET = 12.1;
				MTL_ENABLE_DEBUG_INFO = NO;
				MTL_FAST_MATH = YES;
				SDKROOT = iphoneos;
				SWIFT_COMPILATION_MODE = wholemodule;
				SWIFT_OPTIMIZATION_LEVEL = "-O";
				VALIDATE_PRODUCT = YES;
			};
			name = Release;
		};
		1A38211C21FFB8D500FC0C57 /* Debug */ = {
			isa = XCBuildConfiguration;
			baseConfigurationReference = C075AD71A554B7E9FFDE879E /* Pods-Flix.debug.xcconfig */;
			buildSettings = {
				ASSETCATALOG_COMPILER_APPICON_NAME = AppIcon;
				CODE_SIGN_STYLE = Automatic;
				INFOPLIST_FILE = Flix/Info.plist;
				LD_RUNPATH_SEARCH_PATHS = (
					"$(inherited)",
					"@executable_path/Frameworks",
				);
				PRODUCT_BUNDLE_IDENTIFIER = CSUMB.Flix;
				PRODUCT_NAME = "$(TARGET_NAME)";
				SWIFT_VERSION = 4.2;
				TARGETED_DEVICE_FAMILY = "1,2";
			};
			name = Debug;
		};
		1A38211D21FFB8D500FC0C57 /* Release */ = {
			isa = XCBuildConfiguration;
			baseConfigurationReference = 568D0795C5BEE3E8DCF2614F /* Pods-Flix.release.xcconfig */;
			buildSettings = {
				ASSETCATALOG_COMPILER_APPICON_NAME = AppIcon;
				CODE_SIGN_STYLE = Automatic;
				INFOPLIST_FILE = Flix/Info.plist;
				LD_RUNPATH_SEARCH_PATHS = (
					"$(inherited)",
					"@executable_path/Frameworks",
				);
				PRODUCT_BUNDLE_IDENTIFIER = CSUMB.Flix;
				PRODUCT_NAME = "$(TARGET_NAME)";
				SWIFT_VERSION = 4.2;
				TARGETED_DEVICE_FAMILY = "1,2";
			};
			name = Release;
		};
		1A38211F21FFB8D500FC0C57 /* Debug */ = {
			isa = XCBuildConfiguration;
			baseConfigurationReference = 60D2233450AD8766BD84BB08 /* Pods-FlixTests.debug.xcconfig */;
			buildSettings = {
				ALWAYS_EMBED_SWIFT_STANDARD_LIBRARIES = YES;
				BUNDLE_LOADER = "$(TEST_HOST)";
				CODE_SIGN_STYLE = Automatic;
				INFOPLIST_FILE = FlixTests/Info.plist;
				LD_RUNPATH_SEARCH_PATHS = (
					"$(inherited)",
					"@executable_path/Frameworks",
					"@loader_path/Frameworks",
				);
				PRODUCT_BUNDLE_IDENTIFIER = CSUMB.FlixTests;
				PRODUCT_NAME = "$(TARGET_NAME)";
				SWIFT_VERSION = 4.2;
				TARGETED_DEVICE_FAMILY = "1,2";
				TEST_HOST = "$(BUILT_PRODUCTS_DIR)/Flix.app/Flix";
			};
			name = Debug;
		};
		1A38212021FFB8D500FC0C57 /* Release */ = {
			isa = XCBuildConfiguration;
			baseConfigurationReference = A3B557DD4B28047D3FD40BED /* Pods-FlixTests.release.xcconfig */;
			buildSettings = {
				ALWAYS_EMBED_SWIFT_STANDARD_LIBRARIES = YES;
				BUNDLE_LOADER = "$(TEST_HOST)";
				CODE_SIGN_STYLE = Automatic;
				INFOPLIST_FILE = FlixTests/Info.plist;
				LD_RUNPATH_SEARCH_PATHS = (
					"$(inherited)",
					"@executable_path/Frameworks",
					"@loader_path/Frameworks",
				);
				PRODUCT_BUNDLE_IDENTIFIER = CSUMB.FlixTests;
				PRODUCT_NAME = "$(TARGET_NAME)";
				SWIFT_VERSION = 4.2;
				TARGETED_DEVICE_FAMILY = "1,2";
				TEST_HOST = "$(BUILT_PRODUCTS_DIR)/Flix.app/Flix";
			};
			name = Release;
		};
		1A38212221FFB8D500FC0C57 /* Debug */ = {
			isa = XCBuildConfiguration;
			baseConfigurationReference = 916C91C336982A1125D1D706 /* Pods-FlixUITests.debug.xcconfig */;
			buildSettings = {
				ALWAYS_EMBED_SWIFT_STANDARD_LIBRARIES = YES;
				CODE_SIGN_STYLE = Automatic;
				INFOPLIST_FILE = FlixUITests/Info.plist;
				LD_RUNPATH_SEARCH_PATHS = (
					"$(inherited)",
					"@executable_path/Frameworks",
					"@loader_path/Frameworks",
				);
				PRODUCT_BUNDLE_IDENTIFIER = CSUMB.FlixUITests;
				PRODUCT_NAME = "$(TARGET_NAME)";
				SWIFT_VERSION = 4.2;
				TARGETED_DEVICE_FAMILY = "1,2";
				TEST_TARGET_NAME = Flix;
			};
			name = Debug;
		};
		1A38212321FFB8D500FC0C57 /* Release */ = {
			isa = XCBuildConfiguration;
			baseConfigurationReference = 9B589883AA8C306C3BEE2636 /* Pods-FlixUITests.release.xcconfig */;
			buildSettings = {
				ALWAYS_EMBED_SWIFT_STANDARD_LIBRARIES = YES;
				CODE_SIGN_STYLE = Automatic;
				INFOPLIST_FILE = FlixUITests/Info.plist;
				LD_RUNPATH_SEARCH_PATHS = (
					"$(inherited)",
					"@executable_path/Frameworks",
					"@loader_path/Frameworks",
				);
				PRODUCT_BUNDLE_IDENTIFIER = CSUMB.FlixUITests;
				PRODUCT_NAME = "$(TARGET_NAME)";
				SWIFT_VERSION = 4.2;
				TARGETED_DEVICE_FAMILY = "1,2";
				TEST_TARGET_NAME = Flix;
			};
			name = Release;
		};
/* End XCBuildConfiguration section */

/* Begin XCConfigurationList section */
		1A3820EE21FFB8D000FC0C57 /* Build configuration list for PBXProject "Flix" */ = {
			isa = XCConfigurationList;
			buildConfigurations = (
				1A38211921FFB8D500FC0C57 /* Debug */,
				1A38211A21FFB8D500FC0C57 /* Release */,
			);
			defaultConfigurationIsVisible = 0;
			defaultConfigurationName = Release;
		};
		1A38211B21FFB8D500FC0C57 /* Build configuration list for PBXNativeTarget "Flix" */ = {
			isa = XCConfigurationList;
			buildConfigurations = (
				1A38211C21FFB8D500FC0C57 /* Debug */,
				1A38211D21FFB8D500FC0C57 /* Release */,
			);
			defaultConfigurationIsVisible = 0;
			defaultConfigurationName = Release;
		};
		1A38211E21FFB8D500FC0C57 /* Build configuration list for PBXNativeTarget "FlixTests" */ = {
			isa = XCConfigurationList;
			buildConfigurations = (
				1A38211F21FFB8D500FC0C57 /* Debug */,
				1A38212021FFB8D500FC0C57 /* Release */,
			);
			defaultConfigurationIsVisible = 0;
			defaultConfigurationName = Release;
		};
		1A38212121FFB8D500FC0C57 /* Build configuration list for PBXNativeTarget "FlixUITests" */ = {
			isa = XCConfigurationList;
			buildConfigurations = (
				1A38212221FFB8D500FC0C57 /* Debug */,
				1A38212321FFB8D500FC0C57 /* Release */,
			);
			defaultConfigurationIsVisible = 0;
			defaultConfigurationName = Release;
		};
/* End XCConfigurationList section */
	};
	rootObject = 1A3820EB21FFB8D000FC0C57 /* Project object */;
}
